lockfileVersion: '9.0'

settings:
  autoInstallPeers: true
  excludeLinksFromLockfile: false

importers:

  .:
    dependencies:
      react-resizable-panels:
        specifier: ^4.12.4
        version: 4.12.4(react-dom@19.3.0(react@19.3.0))(react@19.3.0)

packages:

  react-dom@19.3.0:
    resolution: {integrity: sha512-JDk8dgif51OjFoDE70+OT9ICyYr+69HlmihNwp1+Nsfbna3t5sIiCa9ZJktDmQ4/1b/rn26hIAR2uYXDMr5r0Q==}
    peerDependencies:
      react: ^19.3.0

  react-resizable-panels@4.12.4:
    resolution: {integrity: sha512-SOsSj4e9U7vxL15MbgTfl35IO4vxSW4Xb0b1gtJVbRPWv7FOezcgOA00Mi0jP8XqC3y7jOQxpsGs/9zLKHPitA==}
    peerDependencies:
      react: ^18.0.0 || ^19.0.0
      react-dom: ^18.0.0 || ^19.0.0

  react@19.3.0:
    resolution: {integrity: sha512-E8LUcbtBWt20bbl2YoHfx4ZDBdxVTfOKtCZn9cDSJ4l6/nuoApcpIBcj47t2wZoVX8g2ZHuMHbiShgCR1T5Sog==}
    engines: {node: '>=0.10.0'}

  scheduler@0.28.0:
    resolution: {integrity: sha512-juorfCmIkIw8tT+p5BXSm6PJjQF/ycEYmKyzURCIt/RaZIhL+PulbQ9Yu2z1HdOJDdqDTlxA1+xKBmHXJsczAw==}

snapshots:

  react-dom@19.3.0(react@19.3.0):
    dependencies:
      react: 19.3.0
      scheduler: 0.28.0

  react-resizable-panels@4.12.4(react-dom@19.3.0(react@19.3.0))(react@19.3.0):
    dependencies:
      react: 19.3.0
      react-dom: 19.3.0(react@19.3.0)

  react@19.3.0: {}

  scheduler@0.28.0: {}
